// !$*UTF8*$!
{
	archiveVersion = 1;
	classes = {
	};
	objectVersion = 46;
	objects = {

/* Begin PBXBuildFile section */
		4016FCF61EAFF074003815CF /* AppDelegate.swift in Sources */ = {isa = PBXBuildFile; fileRef = 4016FCF51EAFF074003815CF /* AppDelegate.swift */; };
		4016FCFB1EAFF074003815CF /* Main.storyboard in Resources */ = {isa = PBXBuildFile; fileRef = 4016FCF91EAFF074003815CF /* Main.storyboard */; };
		4016FCFD1EAFF074003815CF /* Assets.xcassets in Resources */ = {isa = PBXBuildFile; fileRef = 4016FCFC1EAFF074003815CF /* Assets.xcassets */; };
		4016FD4F1EAFF5AC003815CF /* ScanTableViewController.swift in Sources */ = {isa = PBXBuildFile; fileRef = 4016FD4E1EAFF5AC003815CF /* ScanTableViewController.swift */; };
		4016FD511EAFF684003815CF /* LogViewController.swift in Sources */ = {isa = PBXBuildFile; fileRef = 4016FD501EAFF684003815CF /* LogViewController.swift */; };
		4016FD681EAFF949003815CF /* JBBarChartFooterView.m in Sources */ = {isa = PBXBuildFile; fileRef = 4016FD551EAFF949003815CF /* JBBarChartFooterView.m */; };
		4016FD691EAFF949003815CF /* JBBarChartView.m in Sources */ = {isa = PBXBuildFile; fileRef = 4016FD571EAFF949003815CF /* JBBarChartView.m */; };
		4016FD6A1EAFF949003815CF /* JBBaseChartViewController.m in Sources */ = {isa = PBXBuildFile; fileRef = 4016FD591EAFF949003815CF /* JBBaseChartViewController.m */; };
		4016FD6B1EAFF949003815CF /* JBBaseViewController.m in Sources */ = {isa = PBXBuildFile; fileRef = 4016FD5B1EAFF949003815CF /* JBBaseViewController.m */; };
		4016FD6C1EAFF949003815CF /* JBChartHeaderView.m in Sources */ = {isa = PBXBuildFile; fileRef = 4016FD5D1EAFF949003815CF /* JBChartHeaderView.m */; };
		4016FD6D1EAFF949003815CF /* JBChartInformationView.m in Sources */ = {isa = PBXBuildFile; fileRef = 4016FD5F1EAFF949003815CF /* JBChartInformationView.m */; };
		4016FD6E1EAFF949003815CF /* JBChartTooltipTipView.m in Sources */ = {isa = PBXBuildFile; fileRef = 4016FD611EAFF949003815CF /* JBChartTooltipTipView.m */; };
		4016FD6F1EAFF949003815CF /* JBChartTooltipView.m in Sources */ = {isa = PBXBuildFile; fileRef = 4016FD631EAFF949003815CF /* JBChartTooltipView.m */; };
		4016FD701EAFF949003815CF /* JBChartView.m in Sources */ = {isa = PBXBuildFile; fileRef = 4016FD651EAFF949003815CF /* JBChartView.m */; };
		4016FD711EAFF949003815CF /* JBLineChartView.m in Sources */ = {isa = PBXBuildFile; fileRef = 4016FD671EAFF949003815CF /* JBLineChartView.m */; };
		4016FD751EAFFA80003815CF /* DeviceConfiguration.swift in Sources */ = {isa = PBXBuildFile; fileRef = 4016FD741EAFFA80003815CF /* DeviceConfiguration.swift */; };
		4016FD771EAFFA8D003815CF /* LogEntry.swift in Sources */ = {isa = PBXBuildFile; fileRef = 4016FD761EAFFA8D003815CF /* LogEntry.swift */; };
		4016FD791EAFFAA6003815CF /* StartViewController.swift in Sources */ = {isa = PBXBuildFile; fileRef = 4016FD781EAFFAA6003815CF /* StartViewController.swift */; };
		4016FD7B1EB0EFB0003815CF /* Constants.swift in Sources */ = {isa = PBXBuildFile; fileRef = 4016FD7A1EB0EFB0003815CF /* Constants.swift */; };
		822DEF07A4F55A609203B51B /* Pods_ActivityTracker.framework in Frameworks */ = {isa = PBXBuildFile; fileRef = C704DD9374F70C9B3A90535D /* Pods_ActivityTracker.framework */; };
/* End PBXBuildFile section */

/* Begin PBXFileReference section */
		33DE60113EE1B18CE678EA73 /* Pods-ActivityTracker.release.xcconfig */ = {isa = PBXFileReference; includeInIndex = 1; lastKnownFileType = text.xcconfig; name = "Pods-ActivityTracker.release.xcconfig"; path = "Pods/Target Support Files/Pods-ActivityTracker/Pods-ActivityTracker.release.xcconfig"; sourceTree = "<group>"; };
		4016FCF21EAFF074003815CF /* ActivityTracker.app */ = {isa = PBXFileReference; explicitFileType = wrapper.application; includeInIndex = 0; path = ActivityTracker.app; sourceTree = BUILT_PRODUCTS_DIR; };
		4016FCF51EAFF074003815CF /* AppDelegate.swift */ = {isa = PBXFileReference; lastKnownFileType = sourcecode.swift; path = AppDelegate.swift; sourceTree = "<group>"; };
		4016FCFA1EAFF074003815CF /* Base */ = {isa = PBXFileReference; lastKnownFileType = file.storyboard; name = Base; path = Base.lproj/Main.storyboard; sourceTree = "<group>"; };
		4016FCFC1EAFF074003815CF /* Assets.xcassets */ = {isa = PBXFileReference; lastKnownFileType = folder.assetcatalog; path = Assets.xcassets; sourceTree = "<group>"; };
		4016FD011EAFF074003815CF /* Info.plist */ = {isa = PBXFileReference; lastKnownFileType = text.plist.xml; path = Info.plist; sourceTree = "<group>"; };
		4016FD4E1EAFF5AC003815CF /* ScanTableViewController.swift */ = {isa = PBXFileReference; fileEncoding = 4; lastKnownFileType = sourcecode.swift; path = ScanTableViewController.swift; sourceTree = "<group>"; };
		4016FD501EAFF684003815CF /* LogViewController.swift */ = {isa = PBXFileReference; fileEncoding = 4; lastKnownFileType = sourcecode.swift; path = LogViewController.swift; sourceTree = "<group>"; };
		4016FD531EAFF949003815CF /* ActivityTracker-Bridging-Header.h */ = {isa = PBXFileReference; lastKnownFileType = sourcecode.c.h; path = "ActivityTracker-Bridging-Header.h"; sourceTree = "<group>"; };
		4016FD541EAFF949003815CF /* JBBarChartFooterView.h */ = {isa = PBXFileReference; fileEncoding = 4; lastKnownFileType = sourcecode.c.h; path = JBBarChartFooterView.h; sourceTree = "<group>"; };
		4016FD551EAFF949003815CF /* JBBarChartFooterView.m */ = {isa = PBXFileReference; fileEncoding = 4; lastKnownFileType = sourcecode.c.objc; path = JBBarChartFooterView.m; sourceTree = "<group>"; };
		4016FD561EAFF949003815CF /* JBBarChartView.h */ = {isa = PBXFileReference; fileEncoding = 4; lastKnownFileType = sourcecode.c.h; path = JBBarChartView.h; sourceTree = "<group>"; };
		4016FD571EAFF949003815CF /* JBBarChartView.m */ = {isa = PBXFileReference; fileEncoding = 4; lastKnownFileType = sourcecode.c.objc; path = JBBarChartView.m; sourceTree = "<group>"; };
		4016FD581EAFF949003815CF /* JBBaseChartViewController.h */ = {isa = PBXFileReference; fileEncoding = 4; lastKnownFileType = sourcecode.c.h; path = JBBaseChartViewController.h; sourceTree = "<group>"; };
		4016FD591EAFF949003815CF /* JBBaseChartViewController.m */ = {isa = PBXFileReference; fileEncoding = 4; lastKnownFileType = sourcecode.c.objc; path = JBBaseChartViewController.m; sourceTree = "<group>"; };
		4016FD5A1EAFF949003815CF /* JBBaseViewController.h */ = {isa = PBXFileReference; fileEncoding = 4; lastKnownFileType = sourcecode.c.h; path = JBBaseViewController.h; sourceTree = "<group>"; };
		4016FD5B1EAFF949003815CF /* JBBaseViewController.m */ = {isa = PBXFileReference; fileEncoding = 4; lastKnownFileType = sourcecode.c.objc; path = JBBaseViewController.m; sourceTree = "<group>"; };
		4016FD5C1EAFF949003815CF /* JBChartHeaderView.h */ = {isa = PBXFileReference; fileEncoding = 4; lastKnownFileType = sourcecode.c.h; path = JBChartHeaderView.h; sourceTree = "<group>"; };
		4016FD5D1EAFF949003815CF /* JBChartHeaderView.m */ = {isa = PBXFileReference; fileEncoding = 4; lastKnownFileType = sourcecode.c.objc; path = JBChartHeaderView.m; sourceTree = "<group>"; };
		4016FD5E1EAFF949003815CF /* JBChartInformationView.h */ = {isa = PBXFileReference; fileEncoding = 4; lastKnownFileType = sourcecode.c.h; path = JBChartInformationView.h; sourceTree = "<group>"; };
		4016FD5F1EAFF949003815CF /* JBChartInformationView.m */ = {isa = PBXFileReference; fileEncoding = 4; lastKnownFileType = sourcecode.c.objc; path = JBChartInformationView.m; sourceTree = "<group>"; };
		4016FD601EAFF949003815CF /* JBChartTooltipTipView.h */ = {isa = PBXFileReference; fileEncoding = 4; lastKnownFileType = sourcecode.c.h; path = JBChartTooltipTipView.h; sourceTree = "<group>"; };
		4016FD611EAFF949003815CF /* JBChartTooltipTipView.m */ = {isa = PBXFileReference; fileEncoding = 4; lastKnownFileType = sourcecode.c.objc; path = JBChartTooltipTipView.m; sourceTree = "<group>"; };
		4016FD621EAFF949003815CF /* JBChartTooltipView.h */ = {isa = PBXFileReference; fileEncoding = 4; lastKnownFileType = sourcecode.c.h; path = JBChartTooltipView.h; sourceTree = "<group>"; };
		4016FD631EAFF949003815CF /* JBChartTooltipView.m */ = {isa = PBXFileReference; fileEncoding = 4; lastKnownFileType = sourcecode.c.objc; path = JBChartTooltipView.m; sourceTree = "<group>"; };
		4016FD641EAFF949003815CF /* JBChartView.h */ = {isa = PBXFileReference; fileEncoding = 4; lastKnownFileType = sourcecode.c.h; path = JBChartView.h; sourceTree = "<group>"; };
		4016FD651EAFF949003815CF /* JBChartView.m */ = {isa = PBXFileReference; fileEncoding = 4; lastKnownFileType = sourcecode.c.objc; path = JBChartView.m; sourceTree = "<group>"; };
		4016FD661EAFF949003815CF /* JBLineChartView.h */ = {isa = PBXFileReference; fileEncoding = 4; lastKnownFileType = sourcecode.c.h; path = JBLineChartView.h; sourceTree = "<group>"; };
		4016FD671EAFF949003815CF /* JBLineChartView.m */ = {isa = PBXFileReference; fileEncoding = 4; lastKnownFileType = sourcecode.c.objc; path = JBLineChartView.m; sourceTree = "<group>"; };
		4016FD721EAFF99E003815CF /* ColorConstants.h */ = {isa = PBXFileReference; lastKnownFileType = sourcecode.c.h; path = ColorConstants.h; sourceTree = "<group>"; };
		4016FD731EAFF99E003815CF /* FontConstants.h */ = {isa = PBXFileReference; lastKnownFileType = sourcecode.c.h; path = FontConstants.h; sourceTree = "<group>"; };
		4016FD741EAFFA80003815CF /* DeviceConfiguration.swift */ = {isa = PBXFileReference; fileEncoding = 4; lastKnownFileType = sourcecode.swift; path = DeviceConfiguration.swift; sourceTree = "<group>"; };
		4016FD761EAFFA8D003815CF /* LogEntry.swift */ = {isa = PBXFileReference; fileEncoding = 4; lastKnownFileType = sourcecode.swift; path = LogEntry.swift; sourceTree = "<group>"; };
		4016FD781EAFFAA6003815CF /* StartViewController.swift */ = {isa = PBXFileReference; fileEncoding = 4; lastKnownFileType = sourcecode.swift; path = StartViewController.swift; sourceTree = "<group>"; };
		4016FD7A1EB0EFB0003815CF /* Constants.swift */ = {isa = PBXFileReference; fileEncoding = 4; lastKnownFileType = sourcecode.swift; path = Constants.swift; sourceTree = "<group>"; };
		74A95614BAFCCE623A31F1C9 /* Pods-ActivityTracker.debug.xcconfig */ = {isa = PBXFileReference; includeInIndex = 1; lastKnownFileType = text.xcconfig; name = "Pods-ActivityTracker.debug.xcconfig"; path = "Pods/Target Support Files/Pods-ActivityTracker/Pods-ActivityTracker.debug.xcconfig"; sourceTree = "<group>"; };
		C704DD9374F70C9B3A90535D /* Pods_ActivityTracker.framework */ = {isa = PBXFileReference; explicitFileType = wrapper.framework; includeInIndex = 0; path = Pods_ActivityTracker.framework; sourceTree = BUILT_PRODUCTS_DIR; };
/* End PBXFileReference section */

/* Begin PBXFrameworksBuildPhase section */
		4016FCEF1EAFF074003815CF /* Frameworks */ = {
			isa = PBXFrameworksBuildPhase;
			buildActionMask = 2147483647;
			files = (
				822DEF07A4F55A609203B51B /* Pods_ActivityTracker.framework in Frameworks */,
			);
			runOnlyForDeploymentPostprocessing = 0;
		};
/* End PBXFrameworksBuildPhase section */

/* Begin PBXGroup section */
		16C674F889CB96FA75BC0BBA /* Pods */ = {
			isa = PBXGroup;
			children = (
				74A95614BAFCCE623A31F1C9 /* Pods-ActivityTracker.debug.xcconfig */,
				33DE60113EE1B18CE678EA73 /* Pods-ActivityTracker.release.xcconfig */,
			);
			name = Pods;
			sourceTree = "<group>";
		};
		35A8E13D3E981459CDC9D168 /* Frameworks */ = {
			isa = PBXGroup;
			children = (
				C704DD9374F70C9B3A90535D /* Pods_ActivityTracker.framework */,
			);
			name = Frameworks;
			sourceTree = "<group>";
		};
		4016FCE91EAFF074003815CF = {
			isa = PBXGroup;
			children = (
				4016FD521EAFF93B003815CF /* JBChartView */,
				4016FCF41EAFF074003815CF /* ActivityTracker */,
				4016FCF31EAFF074003815CF /* Products */,
				16C674F889CB96FA75BC0BBA /* Pods */,
				35A8E13D3E981459CDC9D168 /* Frameworks */,
			);
			sourceTree = "<group>";
		};
		4016FCF31EAFF074003815CF /* Products */ = {
			isa = PBXGroup;
			children = (
				4016FCF21EAFF074003815CF /* ActivityTracker.app */,
			);
			name = Products;
			sourceTree = "<group>";
		};
		4016FCF41EAFF074003815CF /* ActivityTracker */ = {
			isa = PBXGroup;
			children = (
				4016FD7A1EB0EFB0003815CF /* Constants.swift */,
				4016FCF51EAFF074003815CF /* AppDelegate.swift */,
				4016FD741EAFFA80003815CF /* DeviceConfiguration.swift */,
				4016FD761EAFFA8D003815CF /* LogEntry.swift */,
				4016FD781EAFFAA6003815CF /* StartViewController.swift */,
				4016FD501EAFF684003815CF /* LogViewController.swift */,
				4016FD4E1EAFF5AC003815CF /* ScanTableViewController.swift */,
				4016FCF91EAFF074003815CF /* Main.storyboard */,
				4016FCFC1EAFF074003815CF /* Assets.xcassets */,
				4016FD011EAFF074003815CF /* Info.plist */,
			);
			path = ActivityTracker;
			sourceTree = "<group>";
		};
		4016FD521EAFF93B003815CF /* JBChartView */ = {
			isa = PBXGroup;
			children = (
				4016FD541EAFF949003815CF /* JBBarChartFooterView.h */,
				4016FD551EAFF949003815CF /* JBBarChartFooterView.m */,
				4016FD561EAFF949003815CF /* JBBarChartView.h */,
				4016FD571EAFF949003815CF /* JBBarChartView.m */,
				4016FD581EAFF949003815CF /* JBBaseChartViewController.h */,
				4016FD591EAFF949003815CF /* JBBaseChartViewController.m */,
				4016FD5A1EAFF949003815CF /* JBBaseViewController.h */,
				4016FD5B1EAFF949003815CF /* JBBaseViewController.m */,
				4016FD5C1EAFF949003815CF /* JBChartHeaderView.h */,
				4016FD5D1EAFF949003815CF /* JBChartHeaderView.m */,
				4016FD5E1EAFF949003815CF /* JBChartInformationView.h */,
				4016FD5F1EAFF949003815CF /* JBChartInformationView.m */,
				4016FD601EAFF949003815CF /* JBChartTooltipTipView.h */,
				4016FD611EAFF949003815CF /* JBChartTooltipTipView.m */,
				4016FD621EAFF949003815CF /* JBChartTooltipView.h */,
				4016FD631EAFF949003815CF /* JBChartTooltipView.m */,
				4016FD641EAFF949003815CF /* JBChartView.h */,
				4016FD651EAFF949003815CF /* JBChartView.m */,
				4016FD661EAFF949003815CF /* JBLineChartView.h */,
				4016FD671EAFF949003815CF /* JBLineChartView.m */,
				4016FD721EAFF99E003815CF /* ColorConstants.h */,
				4016FD731EAFF99E003815CF /* FontConstants.h */,
				4016FD531EAFF949003815CF /* ActivityTracker-Bridging-Header.h */,
			);
			path = JBChartView;
			sourceTree = "<group>";
		};
/* End PBXGroup section */

/* Begin PBXNativeTarget section */
		4016FCF11EAFF074003815CF /* ActivityTracker */ = {
			isa = PBXNativeTarget;
			buildConfigurationList = 4016FD041EAFF074003815CF /* Build configuration list for PBXNativeTarget "ActivityTracker" */;
			buildPhases = (
				CBE7FE4D8005DF5C4C3FDA71 /* [CP] Check Pods Manifest.lock */,
				4016FCEE1EAFF074003815CF /* Sources */,
				4016FCEF1EAFF074003815CF /* Frameworks */,
				4016FCF01EAFF074003815CF /* Resources */,
				08C38F204CBC5BD3D7C39D02 /* [CP] Embed Pods Frameworks */,
				C9506C6430879DBD734E6599 /* [CP] Copy Pods Resources */,
			);
			buildRules = (
			);
			dependencies = (
			);
			name = ActivityTracker;
			productName = ActivityTracker;
			productReference = 4016FCF21EAFF074003815CF /* ActivityTracker.app */;
			productType = "com.apple.product-type.application";
		};
/* End PBXNativeTarget section */

/* Begin PBXProject section */
		4016FCEA1EAFF074003815CF /* Project object */ = {
			isa = PBXProject;
			attributes = {
				LastSwiftUpdateCheck = 0830;
				LastUpgradeCheck = 0830;
				ORGANIZATIONNAME = "MBIENTLAB Inc.";
				TargetAttributes = {
					4016FCF11EAFF074003815CF = {
						CreatedOnToolsVersion = 8.3.2;
						DevelopmentTeam = S2273LZ6GL;
						LastSwiftMigration = 0830;
						ProvisioningStyle = Automatic;
						SystemCapabilities = {
							com.apple.BackgroundModes = {
								enabled = 1;
							};
						};
					};
				};
			};
			buildConfigurationList = 4016FCED1EAFF074003815CF /* Build configuration list for PBXProject "ActivityTracker" */;
			compatibilityVersion = "Xcode 3.2";
			developmentRegion = English;
			hasScannedForEncodings = 0;
			knownRegions = (
				en,
				Base,
			);
			mainGroup = 4016FCE91EAFF074003815CF;
			productRefGroup = 4016FCF31EAFF074003815CF /* Products */;
			projectDirPath = "";
			projectRoot = "";
			targets = (
				4016FCF11EAFF074003815CF /* ActivityTracker */,
			);
		};
/* End PBXProject section */

/* Begin PBXResourcesBuildPhase section */
		4016FCF01EAFF074003815CF /* Resources */ = {
			isa = PBXResourcesBuildPhase;
			buildActionMask = 2147483647;
			files = (
				4016FCFD1EAFF074003815CF /* Assets.xcassets in Resources */,
				4016FCFB1EAFF074003815CF /* Main.storyboard in Resources */,
			);
			runOnlyForDeploymentPostprocessing = 0;
		};
/* End PBXResourcesBuildPhase section */

/* Begin PBXShellScriptBuildPhase section */
		08C38F204CBC5BD3D7C39D02 /* [CP] Embed Pods Frameworks */ = {
			isa = PBXShellScriptBuildPhase;
			buildActionMask = 2147483647;
			files = (
			);
			inputPaths = (
			);
			name = "[CP] Embed Pods Frameworks";
			outputPaths = (
			);
			runOnlyForDeploymentPostprocessing = 0;
			shellPath = /bin/sh;
			shellScript = "\"${SRCROOT}/Pods/Target Support Files/Pods-ActivityTracker/Pods-ActivityTracker-frameworks.sh\"\n";
			showEnvVarsInLog = 0;
		};
		C9506C6430879DBD734E6599 /* [CP] Copy Pods Resources */ = {
			isa = PBXShellScriptBuildPhase;
			buildActionMask = 2147483647;
			files = (
			);
			inputPaths = (
			);
			name = "[CP] Copy Pods Resources";
			outputPaths = (
			);
			runOnlyForDeploymentPostprocessing = 0;
			shellPath = /bin/sh;
			shellScript = "\"${SRCROOT}/Pods/Target Support Files/Pods-ActivityTracker/Pods-ActivityTracker-resources.sh\"\n";
			showEnvVarsInLog = 0;
		};
		CBE7FE4D8005DF5C4C3FDA71 /* [CP] Check Pods Manifest.lock */ = {
			isa = PBXShellScriptBuildPhase;
			buildActionMask = 2147483647;
			files = (
			);
			inputPaths = (
			);
			name = "[CP] Check Pods Manifest.lock";
			outputPaths = (
			);
			runOnlyForDeploymentPostprocessing = 0;
			shellPath = /bin/sh;
			shellScript = "diff \"${PODS_PODFILE_DIR_PATH}/Podfile.lock\" \"${PODS_ROOT}/Manifest.lock\" > /dev/null\nif [ $? != 0 ] ; then\n    # print error to STDERR\n    echo \"error: The sandbox is not in sync with the Podfile.lock. Run 'pod install' or update your CocoaPods installation.\" >&2\n    exit 1\nfi\n";
			showEnvVarsInLog = 0;
		};
/* End PBXShellScriptBuildPhase section */

/* Begin PBXSourcesBuildPhase section */
		4016FCEE1EAFF074003815CF /* Sources */ = {
			isa = PBXSourcesBuildPhase;
			buildActionMask = 2147483647;
			files = (
				4016FD6D1EAFF949003815CF /* JBChartInformationView.m in Sources */,
				4016FD7B1EB0EFB0003815CF /* Constants.swift in Sources */,
				4016FD791EAFFAA6003815CF /* StartViewController.swift in Sources */,
				4016FD681EAFF949003815CF /* JBBarChartFooterView.m in Sources */,
				4016FCF61EAFF074003815CF /* AppDelegate.swift in Sources */,
				4016FD6C1EAFF949003815CF /* JBChartHeaderView.m in Sources */,
				4016FD701EAFF949003815CF /* JBChartView.m in Sources */,
				4016FD691EAFF949003815CF /* JBBarChartView.m in Sources */,
				4016FD6A1EAFF949003815CF /* JBBaseChartViewController.m in Sources */,
				4016FD6F1EAFF949003815CF /* JBChartTooltipView.m in Sources */,
				4016FD711EAFF949003815CF /* JBLineChartView.m in Sources */,
				4016FD4F1EAFF5AC003815CF /* ScanTableViewController.swift in Sources */,
				4016FD751EAFFA80003815CF /* DeviceConfiguration.swift in Sources */,
				4016FD511EAFF684003815CF /* LogViewController.swift in Sources */,
				4016FD771EAFFA8D003815CF /* LogEntry.swift in Sources */,
				4016FD6E1EAFF949003815CF /* JBChartTooltipTipView.m in Sources */,
				4016FD6B1EAFF949003815CF /* JBBaseViewController.m in Sources */,
			);
			runOnlyForDeploymentPostprocessing = 0;
		};
/* End PBXSourcesBuildPhase section */

/* Begin PBXVariantGroup section */
		4016FCF91EAFF074003815CF /* Main.storyboard */ = {
			isa = PBXVariantGroup;
			children = (
				4016FCFA1EAFF074003815CF /* Base */,
			);
			name = Main.storyboard;
			sourceTree = "<group>";
		};
/* End PBXVariantGroup section */

/* Begin XCBuildConfiguration section */
		4016FD021EAFF074003815CF /* Debug */ = {
			isa = XCBuildConfiguration;
			buildSettings = {
				ALWAYS_SEARCH_USER_PATHS = NO;
				CLANG_ANALYZER_NONNULL = YES;
				CLANG_ANALYZER_NUMBER_OBJECT_CONVERSION = YES_AGGRESSIVE;
				CLANG_CXX_LANGUAGE_STANDARD = "gnu++0x";
				CLANG_CXX_LIBRARY = "libc++";
				CLANG_ENABLE_MODULES = YES;
				CLANG_ENABLE_OBJC_ARC = YES;
				CLANG_WARN_BOOL_CONVERSION = YES;
				CLANG_WARN_CONSTANT_CONVERSION = YES;
				CLANG_WARN_DIRECT_OBJC_ISA_USAGE = YES_ERROR;
				CLANG_WARN_DOCUMENTATION_COMMENTS = YES;
				CLANG_WARN_EMPTY_BODY = YES;
				CLANG_WARN_ENUM_CONVERSION = YES;
				CLANG_WARN_INFINITE_RECURSION = YES;
				CLANG_WARN_INT_CONVERSION = YES;
				CLANG_WARN_OBJC_ROOT_CLASS = YES_ERROR;
				CLANG_WARN_SUSPICIOUS_MOVE = YES;
				CLANG_WARN_UNREACHABLE_CODE = YES;
				CLANG_WARN__DUPLICATE_METHOD_MATCH = YES;
				"CODE_SIGN_IDENTITY[sdk=iphoneos*]" = "iPhone Developer";
				COPY_PHASE_STRIP = NO;
				DEBUG_INFORMATION_FORMAT = dwarf;
				ENABLE_STRICT_OBJC_MSGSEND = YES;
				ENABLE_TESTABILITY = YES;
				GCC_C_LANGUAGE_STANDARD = gnu99;
				GCC_DYNAMIC_NO_PIC = NO;
				GCC_NO_COMMON_BLOCKS = YES;
				GCC_OPTIMIZATION_LEVEL = 0;
				GCC_PREPROCESSOR_DEFINITIONS = (
					"DEBUG=1",
					"$(inherited)",
				);
				GCC_WARN_64_TO_32_BIT_CONVERSION = YES;
				GCC_WARN_ABOUT_RETURN_TYPE = YES_ERROR;
				GCC_WARN_UNDECLARED_SELECTOR = YES;
				GCC_WARN_UNINITIALIZED_AUTOS = YES_AGGRESSIVE;
				GCC_WARN_UNUSED_FUNCTION = YES;
				GCC_WARN_UNUSED_VARIABLE = YES;
				IPHONEOS_DEPLOYMENT_TARGET = 10.3;
				MTL_ENABLE_DEBUG_INFO = YES;
				ONLY_ACTIVE_ARCH = YES;
				SDKROOT = iphoneos;
				SWIFT_ACTIVE_COMPILATION_CONDITIONS = DEBUG;
				SWIFT_OPTIMIZATION_LEVEL = "-Onone";
			};
			name = Debug;
		};
		4016FD031EAFF074003815CF /* Release */ = {
			isa = XCBuildConfiguration;
			buildSettings = {
				ALWAYS_SEARCH_USER_PATHS = NO;
				CLANG_ANALYZER_NONNULL = YES;
				CLANG_ANALYZER_NUMBER_OBJECT_CONVERSION = YES_AGGRESSIVE;
				CLANG_CXX_LANGUAGE_STANDARD = "gnu++0x";
				CLANG_CXX_LIBRARY = "libc++";
				CLANG_ENABLE_MODULES = YES;
				CLANG_ENABLE_OBJC_ARC = YES;
				CLANG_WARN_BOOL_CONVERSION = YES;
				CLANG_WARN_CONSTANT_CONVERSION = YES;
				CLANG_WARN_DIRECT_OBJC_ISA_USAGE = YES_ERROR;
				CLANG_WARN_DOCUMENTATION_COMMENTS = YES;
				CLANG_WARN_EMPTY_BODY = YES;
				CLANG_WARN_ENUM_CONVERSION = YES;
				CLANG_WARN_INFINITE_RECURSION = YES;
				CLANG_WARN_INT_CONVERSION = YES;
				CLANG_WARN_OBJC_ROOT_CLASS = YES_ERROR;
				CLANG_WARN_SUSPICIOUS_MOVE = YES;
				CLANG_WARN_UNREACHABLE_CODE = YES;
				CLANG_WARN__DUPLICATE_METHOD_MATCH = YES;
				"CODE_SIGN_IDENTITY[sdk=iphoneos*]" = "iPhone Developer";
				COPY_PHASE_STRIP = NO;
				DEBUG_INFORMATION_FORMAT = "dwarf-with-dsym";
				ENABLE_NS_ASSERTIONS = NO;
				ENABLE_STRICT_OBJC_MSGSEND = YES;
				GCC_C_LANGUAGE_STANDARD = gnu99;
				GCC_NO_COMMON_BLOCKS = YES;
				GCC_WARN_64_TO_32_BIT_CONVERSION = YES;
				GCC_WARN_ABOUT_RETURN_TYPE = YES_ERROR;
				GCC_WARN_UNDECLARED_SELECTOR = YES;
				GCC_WARN_UNINITIALIZED_AUTOS = YES_AGGRESSIVE;
				GCC_WARN_UNUSED_FUNCTION = YES;
				GCC_WARN_UNUSED_VARIABLE = YES;
				IPHONEOS_DEPLOYMENT_TARGET = 10.3;
				MTL_ENABLE_DEBUG_INFO = NO;
				SDKROOT = iphoneos;
				SWIFT_OPTIMIZATION_LEVEL = "-Owholemodule";
				VALIDATE_PRODUCT = YES;
			};
			name = Release;
		};
		4016FD051EAFF074003815CF /* Debug */ = {
			isa = XCBuildConfiguration;
			baseConfigurationReference = 74A95614BAFCCE623A31F1C9 /* Pods-ActivityTracker.debug.xcconfig */;
			buildSettings = {
				ASSETCATALOG_COMPILER_APPICON_NAME = AppIcon;
				ASSETCATALOG_COMPILER_LAUNCHIMAGE_NAME = LaunchImage;
				CLANG_ENABLE_MODULES = YES;
				DEVELOPMENT_TEAM = S2273LZ6GL;
				INFOPLIST_FILE = ActivityTracker/Info.plist;
				IPHONEOS_DEPLOYMENT_TARGET = 9.0;
				LD_RUNPATH_SEARCH_PATHS = "$(inherited) @executable_path/Frameworks";
				PRODUCT_BUNDLE_IDENTIFIER = com.mbientlab.ActivityTracker;
				PRODUCT_NAME = "$(TARGET_NAME)";
				SWIFT_OBJC_BRIDGING_HEADER = "JBChartView/ActivityTracker-Bridging-Header.h";
				SWIFT_OPTIMIZATION_LEVEL = "-Onone";
				SWIFT_VERSION = 3.0;
			};
			name = Debug;
		};
		4016FD061EAFF074003815CF /* Release */ = {
			isa = XCBuildConfiguration;
			baseConfigurationReference = 33DE60113EE1B18CE678EA73 /* Pods-ActivityTracker.release.xcconfig */;
			buildSettings = {
				ASSETCATALOG_COMPILER_APPICON_NAME = AppIcon;
				ASSETCATALOG_COMPILER_LAUNCHIMAGE_NAME = LaunchImage;
				CLANG_ENABLE_MODULES = YES;
				DEVELOPMENT_TEAM = S2273LZ6GL;
				INFOPLIST_FILE = ActivityTracker/Info.plist;
				IPHONEOS_DEPLOYMENT_TARGET = 9.0;
				LD_RUNPATH_SEARCH_PATHS = "$(inherited) @executable_path/Frameworks";
				PRODUCT_BUNDLE_IDENTIFIER = com.mbientlab.ActivityTracker;
				PRODUCT_NAME = "$(TARGET_NAME)";
				SWIFT_OBJC_BRIDGING_HEADER = "JBChartView/ActivityTracker-Bridging-Header.h";
				SWIFT_VERSION = 3.0;
			};
			name = Release;
		};
/* End XCBuildConfiguration section */

/* Begin XCConfigurationList section */
		4016FCED1EAFF074003815CF /* Build configuration list for PBXProject "ActivityTracker" */ = {
			isa = XCConfigurationList;
			buildConfigurations = (
				4016FD021EAFF074003815CF /* Debug */,
				4016FD031EAFF074003815CF /* Release */,
			);
			defaultConfigurationIsVisible = 0;
			defaultConfigurationName = Release;
		};
		4016FD041EAFF074003815CF /* Build configuration list for PBXNativeTarget "ActivityTracker" */ = {
			isa = XCConfigurationList;
			buildConfigurations = (
				4016FD051EAFF074003815CF /* Debug */,
				4016FD061EAFF074003815CF /* Release */,
			);
			defaultConfigurationIsVisible = 0;
			defaultConfigurationName = Release;
		};
/* End XCConfigurationList section */
	};
	rootObject = 4016FCEA1EAFF074003815CF /* Project object */;
}
